
Microsoft Visual Studio Solution File, Format Version 12.00
# Visual Studio 15
VisualStudioVersion = 15.0.28307.106
MinimumVisualStudioVersion = 10.0.40219.1
Project("{FAE04EC0-301F-11D3-BF4B-00C04F79EFBC}") = "AluraApp.Android", "AluraApp\AluraApp.Android\AluraApp.Android.csproj", "{5D7747E0-37AE-4F06-B69C-58DC81BC0D05}"
EndProject
Project("{FAE04EC0-301F-11D3-BF4B-00C04F79EFBC}") = "AluraApp.iOS", "AluraApp\AluraApp.iOS\AluraApp.iOS.csproj", "{194473CC-ABDE-4B24-A520-B8CB72741711}"
EndProject
Project("{FAE04EC0-301F-11D3-BF4B-00C04F79EFBC}") = "AluraApp", "AluraApp\AluraApp\AluraApp.csproj", "{63961A6E-B84D-4C91-9A5C-BF060F38EEEB}"
EndProject
Global
	GlobalSection(SolutionConfigurationPlatforms) = preSolution
		Ad-Hoc|Any CPU = Ad-Hoc|Any CPU
		Ad-Hoc|iPhone = Ad-Hoc|iPhone
		Ad-Hoc|iPhoneSimulator = Ad-Hoc|iPhoneSimulator
		AppStore|Any CPU = AppStore|Any CPU
		AppStore|iPhone = AppStore|iPhone
		AppStore|iPhoneSimulator = AppStore|iPhoneSimulator
		Debug|Any CPU = Debug|Any CPU
		Debug|iPhone = Debug|iPhone
		Debug|iPhoneSimulator = Debug|iPhoneSimulator
		Release|Any CPU = Release|Any CPU
		Release|iPhone = Release|iPhone
		Release|iPhoneSimulator = Release|iPhoneSimulator
	EndGlobalSection
	GlobalSection(ProjectConfigurationPlatforms) = postSolution
		{5D7747E0-37AE-4F06-B69C-58DC81BC0D05}.Ad-Hoc|Any CPU.ActiveCfg = Release|Any CPU
		{5D7747E0-37AE-4F06-B69C-58DC81BC0D05}.Ad-Hoc|Any CPU.Build.0 = Release|Any CPU
		{5D7747E0-37AE-4F06-B69C-58DC81BC0D05}.Ad-Hoc|Any CPU.Deploy.0 = Release|Any CPU
		{5D7747E0-37AE-4F06-B69C-58DC81BC0D05}.Ad-Hoc|iPhone.ActiveCfg = Release|Any CPU
		{5D7747E0-37AE-4F06-B69C-58DC81BC0D05}.Ad-Hoc|iPhone.Build.0 = Release|Any CPU
		{5D7747E0-37AE-4F06-B69C-58DC81BC0D05}.Ad-Hoc|iPhone.Deploy.0 = Release|Any CPU
		{5D7747E0-37AE-4F06-B69C-58DC81BC0D05}.Ad-Hoc|iPhoneSimulator.ActiveCfg = Release|Any CPU
		{5D7747E0-37AE-4F06-B69C-58DC81BC0D05}.Ad-Hoc|iPhoneSimulator.Build.0 = Release|Any CPU
		{5D7747E0-37AE-4F06-B69C-58DC81BC0D05}.Ad-Hoc|iPhoneSimulator.Deploy.0 = Release|Any CPU
		{5D7747E0-37AE-4F06-B69C-58DC81BC0D05}.AppStore|Any CPU.ActiveCfg = Release|Any CPU
		{5D7747E0-37AE-4F06-B69C-58DC81BC0D05}.AppStore|Any CPU.Build.0 = Release|Any CPU
		{5D7747E0-37AE-4F06-B69C-58DC81BC0D05}.AppStore|Any CPU.Deploy.0 = Release|Any CPU
		{5D7747E0-37AE-4F06-B69C-58DC81BC0D05}.AppStore|iPhone.ActiveCfg = Release|Any CPU
		{5D7747E0-37AE-4F06-B69C-58DC81BC0D05}.AppStore|iPhone.Build.0 = Release|Any CPU
		{5D7747E0-37AE-4F06-B69C-58DC81BC0D05}.AppStore|iPhone.Deploy.0 = Release|Any CPU
		{5D7747E0-37AE-4F06-B69C-58DC81BC0D05}.AppStore|iPhoneSimulator.ActiveCfg = Release|Any CPU
		{5D7747E0-37AE-4F06-B69C-58DC81BC0D05}.AppStore|iPhoneSimulator.Build.0 = Release|Any CPU
		{5D7747E0-37AE-4F06-B69C-58DC81BC0D05}.AppStore|iPhoneSimulator.Deploy.0 = Release|Any CPU
		{5D7747E0-37AE-4F06-B69C-58DC81BC0D05}.Debug|Any CPU.ActiveCfg = Debug|Any CPU
		{5D7747E0-37AE-4F06-B69C-58DC81BC0D05}.Debug|Any CPU.Build.0 = Debug|Any CPU
		{5D7747E0-37AE-4F06-B69C-58DC81BC0D05}.Debug|Any CPU.Deploy.0 = Debug|Any CPU
		{5D7747E0-37AE-4F06-B69C-58DC81BC0D05}.Debug|iPhone.ActiveCfg = Debug|Any CPU
		{5D7747E0-37AE-4F06-B69C-58DC81BC0D05}.Debug|iPhone.Build.0 = Debug|Any CPU
		{5D7747E0-37AE-4F06-B69C-58DC81BC0D05}.Debug|iPhone.Deploy.0 = Debug|Any CPU
		{5D7747E0-37AE-4F06-B69C-58DC81BC0D05}.Debug|iPhoneSimulator.ActiveCfg = Debug|Any CPU
		{5D7747E0-37AE-4F06-B69C-58DC81BC0D05}.Debug|iPhoneSimulator.Build.0 = Debug|Any CPU
		{5D7747E0-37AE-4F06-B69C-58DC81BC0D05}.Debug|iPhoneSimulator.Deploy.0 = Debug|Any CPU
		{5D7747E0-37AE-4F06-B69C-58DC81BC0D05}.Release|Any CPU.ActiveCfg = Release|Any CPU
		{5D7747E0-37AE-4F06-B69C-58DC81BC0D05}.Release|Any CPU.Build.0 = Release|Any CPU
		{5D7747E0-37AE-4F06-B69C-58DC81BC0D05}.Release|Any CPU.Deploy.0 = Release|Any CPU
		{5D7747E0-37AE-4F06-B69C-58DC81BC0D05}.Release|iPhone.ActiveCfg = Release|Any CPU
		{5D7747E0-37AE-4F06-B69C-58DC81BC0D05}.Release|iPhone.Build.0 = Release|Any CPU
		{5D7747E0-37AE-4F06-B69C-58DC81BC0D05}.Release|iPhone.Deploy.0 = Release|Any CPU
		{5D7747E0-37AE-4F06-B69C-58DC81BC0D05}.Release|iPhoneSimulator.ActiveCfg = Release|Any CPU
		{5D7747E0-37AE-4F06-B69C-58DC81BC0D05}.Release|iPhoneSimulator.Build.0 = Release|Any CPU
		{5D7747E0-37AE-4F06-B69C-58DC81BC0D05}.Release|iPhoneSimulator.Deploy.0 = Release|Any CPU
		{194473CC-ABDE-4B24-A520-B8CB72741711}.Ad-Hoc|Any CPU.ActiveCfg = Ad-Hoc|iPhone
		{194473CC-ABDE-4B24-A520-B8CB72741711}.Ad-Hoc|Any CPU.Build.0 = Ad-Hoc|iPhone
		{194473CC-ABDE-4B24-A520-B8CB72741711}.Ad-Hoc|Any CPU.Deploy.0 = Ad-Hoc|iPhone
		{194473CC-ABDE-4B24-A520-B8CB72741711}.Ad-Hoc|iPhone.ActiveCfg = Ad-Hoc|iPhone
		{194473CC-ABDE-4B24-A520-B8CB72741711}.Ad-Hoc|iPhone.Build.0 = Ad-Hoc|iPhone
		{194473CC-ABDE-4B24-A520-B8CB72741711}.Ad-Hoc|iPhone.Deploy.0 = Ad-Hoc|iPhone
		{194473CC-ABDE-4B24-A520-B8CB72741711}.Ad-Hoc|iPhoneSimulator.ActiveCfg = Ad-Hoc|iPhoneSimulator
		{194473CC-ABDE-4B24-A520-B8CB72741711}.Ad-Hoc|iPhoneSimulator.Build.0 = Ad-Hoc|iPhoneSimulator
		{194473CC-ABDE-4B24-A520-B8CB72741711}.Ad-Hoc|iPhoneSimulator.Deploy.0 = Ad-Hoc|iPhoneSimulator
		{194473CC-ABDE-4B24-A520-B8CB72741711}.AppStore|Any CPU.ActiveCfg = AppStore|iPhone
		{194473CC-ABDE-4B24-A520-B8CB72741711}.AppStore|Any CPU.Build.0 = AppStore|iPhone
		{194473CC-ABDE-4B24-A520-B8CB72741711}.AppStore|Any CPU.Deploy.0 = AppStore|iPhone
		{194473CC-ABDE-4B24-A520-B8CB72741711}.AppStore|iPhone.ActiveCfg = AppStore|iPhone
		{194473CC-ABDE-4B24-A520-B8CB72741711}.AppStore|iPhone.Build.0 = AppStore|iPhone
		{194473CC-ABDE-4B24-A520-B8CB72741711}.AppStore|iPhone.Deploy.0 = AppStore|iPhone
		{194473CC-ABDE-4B24-A520-B8CB72741711}.AppStore|iPhoneSimulator.ActiveCfg = AppStore|iPhoneSimulator
		{194473CC-ABDE-4B24-A520-B8CB72741711}.AppStore|iPhoneSimulator.Build.0 = AppStore|iPhoneSimulator
		{194473CC-ABDE-4B24-A520-B8CB72741711}.AppStore|iPhoneSimulator.Deploy.0 = AppStore|iPhoneSimulator
		{194473CC-ABDE-4B24-A520-B8CB72741711}.Debug|Any CPU.ActiveCfg = Debug|iPhoneSimulator
		{194473CC-ABDE-4B24-A520-B8CB72741711}.Debug|Any CPU.Deploy.0 = Debug|iPhoneSimulator
		{194473CC-ABDE-4B24-A520-B8CB72741711}.Debug|iPhone.ActiveCfg = Debug|iPhone
		{194473CC-ABDE-4B24-A520-B8CB72741711}.Debug|iPhone.Build.0 = Debug|iPhone
		{194473CC-ABDE-4B24-A520-B8CB72741711}.Debug|iPhone.Deploy.0 = Debug|iPhone
		{194473CC-ABDE-4B24-A520-B8CB72741711}.Debug|iPhoneSimulator.ActiveCfg = Debug|iPhoneSimulator
		{194473CC-ABDE-4B24-A520-B8CB72741711}.Debug|iPhoneSimulator.Build.0 = Debug|iPhoneSimulator
		{194473CC-ABDE-4B24-A520-B8CB72741711}.Debug|iPhoneSimulator.Deploy.0 = Debug|iPhoneSimulator
		{194473CC-ABDE-4B24-A520-B8CB72741711}.Release|Any CPU.ActiveCfg = Release|iPhone
		{194473CC-ABDE-4B24-A520-B8CB72741711}.Release|Any CPU.Build.0 = Release|iPhone
		{194473CC-ABDE-4B24-A520-B8CB72741711}.Release|Any CPU.Deploy.0 = Release|iPhone
		{194473CC-ABDE-4B24-A520-B8CB72741711}.Release|iPhone.ActiveCfg = Release|iPhone
		{194473CC-ABDE-4B24-A520-B8CB72741711}.Release|iPhone.Build.0 = Release|iPhone
		{194473CC-ABDE-4B24-A520-B8CB72741711}.Release|iPhone.Deploy.0 = Release|iPhone
		{194473CC-ABDE-4B24-A520-B8CB72741711}.Release|iPhoneSimulator.ActiveCfg = Release|iPhoneSimulator
		{194473CC-ABDE-4B24-A520-B8CB72741711}.Release|iPhoneSimulator.Build.0 = Release|iPhoneSimulator
		{194473CC-ABDE-4B24-A520-B8CB72741711}.Release|iPhoneSimulator.Deploy.0 = Release|iPhoneSimulator
		{63961A6E-B84D-4C91-9A5C-BF060F38EEEB}.Ad-Hoc|Any CPU.ActiveCfg = Debug|Any CPU
		{63961A6E-B84D-4C91-9A5C-BF060F38EEEB}.Ad-Hoc|Any CPU.Build.0 = Debug|Any CPU
		{63961A6E-B84D-4C91-9A5C-BF060F38EEEB}.Ad-Hoc|Any CPU.Deploy.0 = Debug|Any CPU
		{63961A6E-B84D-4C91-9A5C-BF060F38EEEB}.Ad-Hoc|iPhone.ActiveCfg = Debug|Any CPU
		{63961A6E-B84D-4C91-9A5C-BF060F38EEEB}.Ad-Hoc|iPhone.Build.0 = Debug|Any CPU
		{63961A6E-B84D-4C91-9A5C-BF060F38EEEB}.Ad-Hoc|iPhone.Deploy.0 = Debug|Any CPU
		{63961A6E-B84D-4C91-9A5C-BF060F38EEEB}.Ad-Hoc|iPhoneSimulator.ActiveCfg = Debug|Any CPU
		{63961A6E-B84D-4C91-9A5C-BF060F38EEEB}.Ad-Hoc|iPhoneSimulator.Build.0 = Debug|Any CPU
		{63961A6E-B84D-4C91-9A5C-BF060F38EEEB}.Ad-Hoc|iPhoneSimulator.Deploy.0 = Debug|Any CPU
		{63961A6E-B84D-4C91-9A5C-BF060F38EEEB}.AppStore|Any CPU.ActiveCfg = Debug|Any CPU
		{63961A6E-B84D-4C91-9A5C-BF060F38EEEB}.AppStore|Any CPU.Build.0 = Debug|Any CPU
		{63961A6E-B84D-4C91-9A5C-BF060F38EEEB}.AppStore|Any CPU.Deploy.0 = Debug|Any CPU
		{63961A6E-B84D-4C91-9A5C-BF060F38EEEB}.AppStore|iPhone.ActiveCfg = Debug|Any CPU
		{63961A6E-B84D-4C91-9A5C-BF060F38EEEB}.AppStore|iPhone.Build.0 = Debug|Any CPU
		{63961A6E-B84D-4C91-9A5C-BF060F38EEEB}.AppStore|iPhone.Deploy.0 = Debug|Any CPU
		{63961A6E-B84D-4C91-9A5C-BF060F38EEEB}.AppStore|iPhoneSimulator.ActiveCfg = Debug|Any CPU
		{63961A6E-B84D-4C91-9A5C-BF060F38EEEB}.AppStore|iPhoneSimulator.Build.0 = Debug|Any CPU
		{63961A6E-B84D-4C91-9A5C-BF060F38EEEB}.AppStore|iPhoneSimulator.Deploy.0 = Debug|Any CPU
		{63961A6E-B84D-4C91-9A5C-BF060F38EEEB}.Debug|Any CPU.ActiveCfg = Debug|Any CPU
		{63961A6E-B84D-4C91-9A5C-BF060F38EEEB}.Debug|Any CPU.Build.0 = Debug|Any CPU
		{63961A6E-B84D-4C91-9A5C-BF060F38EEEB}.Debug|Any CPU.Deploy.0 = Debug|Any CPU
		{63961A6E-B84D-4C91-9A5C-BF060F38EEEB}.Debug|iPhone.ActiveCfg = Debug|Any CPU
		{63961A6E-B84D-4C91-9A5C-BF060F38EEEB}.Debug|iPhone.Build.0 = Debug|Any CPU
		{63961A6E-B84D-4C91-9A5C-BF060F38EEEB}.Debug|iPhone.Deploy.0 = Debug|Any CPU
		{63961A6E-B84D-4C91-9A5C-BF060F38EEEB}.Debug|iPhoneSimulator.ActiveCfg = Debug|Any CPU
		{63961A6E-B84D-4C91-9A5C-BF060F38EEEB}.Debug|iPhoneSimulator.Build.0 = Debug|Any CPU
		{63961A6E-B84D-4C91-9A5C-BF060F38EEEB}.Debug|iPhoneSimulator.Deploy.0 = Debug|Any CPU
		{63961A6E-B84D-4C91-9A5C-BF060F38EEEB}.Release|Any CPU.ActiveCfg = Release|Any CPU
		{63961A6E-B84D-4C91-9A5C-BF060F38EEEB}.Release|Any CPU.Build.0 = Release|Any CPU
		{63961A6E-B84D-4C91-9A5C-BF060F38EEEB}.Release|Any CPU.Deploy.0 = Release|Any CPU
		{63961A6E-B84D-4C91-9A5C-BF060F38EEEB}.Release|iPhone.ActiveCfg = Release|Any CPU
		{63961A6E-B84D-4C91-9A5C-BF060F38EEEB}.Release|iPhone.Build.0 = Release|Any CPU
		{63961A6E-B84D-4C91-9A5C-BF060F38EEEB}.Release|iPhone.Deploy.0 = Release|Any CPU
		{63961A6E-B84D-4C91-9A5C-BF060F38EEEB}.Release|iPhoneSimulator.ActiveCfg = Release|Any CPU
		{63961A6E-B84D-4C91-9A5C-BF060F38EEEB}.Release|iPhoneSimulator.Build.0 = Release|Any CPU
		{63961A6E-B84D-4C91-9A5C-BF060F38EEEB}.Release|iPhoneSimulator.Deploy.0 = Release|Any CPU
	EndGlobalSection
	GlobalSection(SolutionProperties) = preSolution
		HideSolutionNode = FALSE
	EndGlobalSection
	GlobalSection(ExtensibilityGlobals) = postSolution
		SolutionGuid = {735CA51C-947C-4E88-9BB8-DD4F9FF67CFE}
	EndGlobalSection
EndGlobal
